
Microsoft Visual Studio Solution File, Format Version 12.00
# Visual Studio Version 17
VisualStudioVersion = 17.7.34221.43
MinimumVisualStudioVersion = 10.0.40219.1
Project("{FAE04EC0-301F-11D3-BF4B-00C04F79EFBC}") = "ConsoleApp1", "ConsoleApp1\ConsoleApp1.csproj", "{D32FE333-10DF-4760-8B2E-BB212BE1C13F}"
EndProject
Global
	GlobalSection(SolutionConfigurationPlatforms) = preSolution
		Debug|Any CPU = Debug|Any CPU
		Release|Any CPU = Release|Any CPU
	EndGlobalSection
	GlobalSection(ProjectConfigurationPlatforms) = postSolution
		{D32FE333-10DF-4760-8B2E-BB212BE1C13F}.Debug|Any CPU.ActiveCfg = Debug|Any CPU
		{D32FE333-10DF-4760-8B2E-BB212BE1C13F}.Debug|Any CPU.Build.0 = Debug|Any CPU
		{D32FE333-10DF-4760-8B2E-BB212BE1C13F}.Release|Any CPU.ActiveCfg = Release|Any CPU
		{D32FE333-10DF-4760-8B2E-BB212BE1C13F}.Release|Any CPU.Build.0 = Release|Any CPU
	EndGlobalSection
	GlobalSection(SolutionProperties) = preSolution
		HideSolutionNode = FALSE
	EndGlobalSection
	GlobalSection(ExtensibilityGlobals) = postSolution
		SolutionGuid = {6838A254-9ACD-4919-8B01-4EE31955A4BE}
	EndGlobalSection
EndGlobal
